
Microsoft Visual Studio Solution File, Format Version 12.00
# Visual Studio Version 17
VisualStudioVersion = 17.11.35327.3
MinimumVisualStudioVersion = 10.0.40219.1
Project("{FAE04EC0-301F-11D3-BF4B-00C04F79EFBC}") = "InheritanceAndPolymorphism", "InheritanceAndPolymorphism\InheritanceAndPolymorphism.csproj", "{BAA3B982-1E73-4239-A5E0-1E4D36F6443F}"
EndProject
Global
	GlobalSection(SolutionConfigurationPlatforms) = preSolution
		Debug|Any CPU = Debug|Any CPU
		Release|Any CPU = Release|Any CPU
	EndGlobalSection
	GlobalSection(ProjectConfigurationPlatforms) = postSolution
		{BAA3B982-1E73-4239-A5E0-1E4D36F6443F}.Debug|Any CPU.ActiveCfg = Debug|Any CPU
		{BAA3B982-1E73-4239-A5E0-1E4D36F6443F}.Debug|Any CPU.Build.0 = Debug|Any CPU
		{BAA3B982-1E73-4239-A5E0-1E4D36F6443F}.Release|Any CPU.ActiveCfg = Release|Any CPU
		{BAA3B982-1E73-4239-A5E0-1E4D36F6443F}.Release|Any CPU.Build.0 = Release|Any CPU
	EndGlobalSection
	GlobalSection(SolutionProperties) = preSolution
		HideSolutionNode = FALSE
	EndGlobalSection
	GlobalSection(ExtensibilityGlobals) = postSolution
		SolutionGuid = {B237D4EA-F3A8-45CD-8160-72D10E4AC93E}
	EndGlobalSection
EndGlobal
